Microsoft Visual Studio Solution File, Format Version 11.00
# Visual Studio 2008

Project("{BD41283F-290F-7EE6-6EB3-F4601B70A182}") = "Oficina", "Assembly-CSharp.csproj", "{F1928C0F-743E-177A-E9A0-152FF80493F1}"
EndProject
Project("{BD41283F-290F-7EE6-6EB3-F4601B70A182}") = "Oficina", "Assembly-UnityScript.unityproj", "{EB818AD3-B677-CBEF-DF81-941397E0E12F}"
EndProject
Global
	GlobalSection(SolutionConfigurationPlatforms) = preSolution
		Debug|Any CPU = Debug|Any CPU
		Release|Any CPU = Release|Any CPU
	EndGlobalSection
	GlobalSection(ProjectConfigurationPlatforms) = postSolution
		{F1928C0F-743E-177A-E9A0-152FF80493F1}.Debug|Any CPU.ActiveCfg = Debug|Any CPU
		{F1928C0F-743E-177A-E9A0-152FF80493F1}.Debug|Any CPU.Build.0 = Debug|Any CPU
		{F1928C0F-743E-177A-E9A0-152FF80493F1}.Release|Any CPU.ActiveCfg = Release|Any CPU
		{F1928C0F-743E-177A-E9A0-152FF80493F1}.Release|Any CPU.Build.0 = Release|Any CPU
		{EB818AD3-B677-CBEF-DF81-941397E0E12F}.Debug|Any CPU.ActiveCfg = Debug|Any CPU
		{EB818AD3-B677-CBEF-DF81-941397E0E12F}.Debug|Any CPU.Build.0 = Debug|Any CPU
		{EB818AD3-B677-CBEF-DF81-941397E0E12F}.Release|Any CPU.ActiveCfg = Release|Any CPU
		{EB818AD3-B677-CBEF-DF81-941397E0E12F}.Release|Any CPU.Build.0 = Release|Any CPU
	EndGlobalSection
	GlobalSection(SolutionProperties) = preSolution
		HideSolutionNode = FALSE
	EndGlobalSection
									GlobalSection(MonoDevelopProperties) = preSolution
		StartupItem = Assembly-CSharp.csproj
		Policies = $0
		$0.TextStylePolicy = $1
		$1.inheritsSet = null
		$1.scope = text/x-csharp
		$0.CSharpFormattingPolicy = $2
		$2.inheritsSet = Mono
		$2.inheritsScope = text/x-csharp
		$2.scope = text/x-csharp
		$0.TextStylePolicy = $3
		$3.FileWidth = 120
		$3.TabWidth = 4
		$3.IndentWidth = 4
		$3.EolMarker = Unix
		$3.inheritsSet = Mono
		$3.inheritsScope = text/plain
		$3.scope = text/plain
	EndGlobalSection

EndGlobal
